
Microsoft Visual Studio Solution File, Format Version 12.00
# Visual Studio Version 16
VisualStudioVersion = 16.0.29424.173
MinimumVisualStudioVersion = 10.0.40219.1
Project("{FAE04EC0-301F-11D3-BF4B-00C04F79EFBC}") = "Basics", "Basics\Basics.csproj", "{9F16787C-37E5-49DA-B802-C7A3B6C883B8}"
EndProject
Global
	GlobalSection(SolutionConfigurationPlatforms) = preSolution
		Debug|Any CPU = Debug|Any CPU
		Release|Any CPU = Release|Any CPU
	EndGlobalSection
	GlobalSection(ProjectConfigurationPlatforms) = postSolution
		{9F16787C-37E5-49DA-B802-C7A3B6C883B8}.Debug|Any CPU.ActiveCfg = Debug|Any CPU
		{9F16787C-37E5-49DA-B802-C7A3B6C883B8}.Debug|Any CPU.Build.0 = Debug|Any CPU
		{9F16787C-37E5-49DA-B802-C7A3B6C883B8}.Release|Any CPU.ActiveCfg = Release|Any CPU
		{9F16787C-37E5-49DA-B802-C7A3B6C883B8}.Release|Any CPU.Build.0 = Release|Any CPU
	EndGlobalSection
	GlobalSection(SolutionProperties) = preSolution
		HideSolutionNode = FALSE
	EndGlobalSection
	GlobalSection(ExtensibilityGlobals) = postSolution
		SolutionGuid = {599B9B1C-B7B7-41B4-8EDF-F80B37F30752}
	EndGlobalSection
EndGlobal
